// !$*UTF8*$!
{
	archiveVersion = 1;
	classes = {
	};
	objectVersion = 46;
	objects = {

/* Begin PBXBuildFile section */
		C6B19BD91986C665006161CC /* Foundation.framework in Frameworks */ = {isa = PBXBuildFile; fileRef = C6B19BD81986C665006161CC /* Foundation.framework */; };
		C6B19BDB1986C665006161CC /* CoreGraphics.framework in Frameworks */ = {isa = PBXBuildFile; fileRef = C6B19BDA1986C665006161CC /* CoreGraphics.framework */; };
		C6B19BDD1986C665006161CC /* UIKit.framework in Frameworks */ = {isa = PBXBuildFile; fileRef = C6B19BDC1986C665006161CC /* UIKit.framework */; };
		C6B19BE31986C665006161CC /* InfoPlist.strings in Resources */ = {isa = PBXBuildFile; fileRef = C6B19BE11986C665006161CC /* InfoPlist.strings */; };
		C6B19BE51986C665006161CC /* main.m in Sources */ = {isa = PBXBuildFile; fileRef = C6B19BE41986C665006161CC /* main.m */; };
		C6B19BE91986C665006161CC /* LTRAppDelegate.m in Sources */ = {isa = PBXBuildFile; fileRef = C6B19BE81986C665006161CC /* LTRAppDelegate.m */; };
		C6B19BEC1986C665006161CC /* Main.storyboard in Resources */ = {isa = PBXBuildFile; fileRef = C6B19BEA1986C665006161CC /* Main.storyboard */; };
		C6B19BEF1986C665006161CC /* LTRMasterViewController.m in Sources */ = {isa = PBXBuildFile; fileRef = C6B19BEE1986C665006161CC /* LTRMasterViewController.m */; };
		C6B19BF21986C665006161CC /* LTRDetailViewController.m in Sources */ = {isa = PBXBuildFile; fileRef = C6B19BF11986C665006161CC /* LTRDetailViewController.m */; };
		C6B19BF41986C665006161CC /* Images.xcassets in Resources */ = {isa = PBXBuildFile; fileRef = C6B19BF31986C665006161CC /* Images.xcassets */; };
		C6B19BFB1986C665006161CC /* XCTest.framework in Frameworks */ = {isa = PBXBuildFile; fileRef = C6B19BFA1986C665006161CC /* XCTest.framework */; };
		C6B19BFC1986C665006161CC /* Foundation.framework in Frameworks */ = {isa = PBXBuildFile; fileRef = C6B19BD81986C665006161CC /* Foundation.framework */; };
		C6B19BFD1986C665006161CC /* UIKit.framework in Frameworks */ = {isa = PBXBuildFile; fileRef = C6B19BDC1986C665006161CC /* UIKit.framework */; };
		C6B19C051986C665006161CC /* InfoPlist.strings in Resources */ = {isa = PBXBuildFile; fileRef = C6B19C031986C665006161CC /* InfoPlist.strings */; };
		C6B19C071986C665006161CC /* Aula28072014_ControllingSourceTests.m in Sources */ = {isa = PBXBuildFile; fileRef = C6B19C061986C665006161CC /* Aula28072014_ControllingSourceTests.m */; };
/* End PBXBuildFile section */

/* Begin PBXContainerItemProxy section */
		C6B19BFE1986C665006161CC /* PBXContainerItemProxy */ = {
			isa = PBXContainerItemProxy;
			containerPortal = C6B19BCD1986C665006161CC /* Project object */;
			proxyType = 1;
			remoteGlobalIDString = C6B19BD41986C665006161CC;
			remoteInfo = Aula28072014_ControllingSource;
		};
/* End PBXContainerItemProxy section */

/* Begin PBXFileReference section */
		C6B19BD51986C665006161CC /* Aula28072014_ControllingSource.app */ = {isa = PBXFileReference; explicitFileType = wrapper.application; includeInIndex = 0; path = Aula28072014_ControllingSource.app; sourceTree = BUILT_PRODUCTS_DIR; };
		C6B19BD81986C665006161CC /* Foundation.framework */ = {isa = PBXFileReference; lastKnownFileType = wrapper.framework; name = Foundation.framework; path = System/Library/Frameworks/Foundation.framework; sourceTree = SDKROOT; };
		C6B19BDA1986C665006161CC /* CoreGraphics.framework */ = {isa = PBXFileReference; lastKnownFileType = wrapper.framework; name = CoreGraphics.framework; path = System/Library/Frameworks/CoreGraphics.framework; sourceTree = SDKROOT; };
		C6B19BDC1986C665006161CC /* UIKit.framework */ = {isa = PBXFileReference; lastKnownFileType = wrapper.framework; name = UIKit.framework; path = System/Library/Frameworks/UIKit.framework; sourceTree = SDKROOT; };
		C6B19BE01986C665006161CC /* Aula28072014_ControllingSource-Info.plist */ = {isa = PBXFileReference; lastKnownFileType = text.plist.xml; path = "Aula28072014_ControllingSource-Info.plist"; sourceTree = "<group>"; };
		C6B19BE21986C665006161CC /* en */ = {isa = PBXFileReference; lastKnownFileType = text.plist.strings; name = en; path = en.lproj/InfoPlist.strings; sourceTree = "<group>"; };
		C6B19BE41986C665006161CC /* main.m */ = {isa = PBXFileReference; lastKnownFileType = sourcecode.c.objc; path = main.m; sourceTree = "<group>"; };
		C6B19BE61986C665006161CC /* Aula28072014_ControllingSource-Prefix.pch */ = {isa = PBXFileReference; lastKnownFileType = sourcecode.c.h; path = "Aula28072014_ControllingSource-Prefix.pch"; sourceTree = "<group>"; };
		C6B19BE71986C665006161CC /* LTRAppDelegate.h */ = {isa = PBXFileReference; lastKnownFileType = sourcecode.c.h; path = LTRAppDelegate.h; sourceTree = "<group>"; };
		C6B19BE81986C665006161CC /* LTRAppDelegate.m */ = {isa = PBXFileReference; lastKnownFileType = sourcecode.c.objc; path = LTRAppDelegate.m; sourceTree = "<group>"; };
		C6B19BEB1986C665006161CC /* Base */ = {isa = PBXFileReference; lastKnownFileType = file.storyboard; name = Base; path = Base.lproj/Main.storyboard; sourceTree = "<group>"; };
		C6B19BED1986C665006161CC /* LTRMasterViewController.h */ = {isa = PBXFileReference; lastKnownFileType = sourcecode.c.h; path = LTRMasterViewController.h; sourceTree = "<group>"; };
		C6B19BEE1986C665006161CC /* LTRMasterViewController.m */ = {isa = PBXFileReference; lastKnownFileType = sourcecode.c.objc; path = LTRMasterViewController.m; sourceTree = "<group>"; };
		C6B19BF01986C665006161CC /* LTRDetailViewController.h */ = {isa = PBXFileReference; lastKnownFileType = sourcecode.c.h; path = LTRDetailViewController.h; sourceTree = "<group>"; };
		C6B19BF11986C665006161CC /* LTRDetailViewController.m */ = {isa = PBXFileReference; lastKnownFileType = sourcecode.c.objc; path = LTRDetailViewController.m; sourceTree = "<group>"; };
		C6B19BF31986C665006161CC /* Images.xcassets */ = {isa = PBXFileReference; lastKnownFileType = folder.assetcatalog; path = Images.xcassets; sourceTree = "<group>"; };
		C6B19BF91986C665006161CC /* Aula28072014_ControllingSourceTests.xctest */ = {isa = PBXFileReference; explicitFileType = wrapper.cfbundle; includeInIndex = 0; path = Aula28072014_ControllingSourceTests.xctest; sourceTree = BUILT_PRODUCTS_DIR; };
		C6B19BFA1986C665006161CC /* XCTest.framework */ = {isa = PBXFileReference; lastKnownFileType = wrapper.framework; name = XCTest.framework; path = Library/Frameworks/XCTest.framework; sourceTree = DEVELOPER_DIR; };
		C6B19C021986C665006161CC /* Aula28072014_ControllingSourceTests-Info.plist */ = {isa = PBXFileReference; lastKnownFileType = text.plist.xml; path = "Aula28072014_ControllingSourceTests-Info.plist"; sourceTree = "<group>"; };
		C6B19C041986C665006161CC /* en */ = {isa = PBXFileReference; lastKnownFileType = text.plist.strings; name = en; path = en.lproj/InfoPlist.strings; sourceTree = "<group>"; };
		C6B19C061986C665006161CC /* Aula28072014_ControllingSourceTests.m */ = {isa = PBXFileReference; lastKnownFileType = sourcecode.c.objc; path = Aula28072014_ControllingSourceTests.m; sourceTree = "<group>"; };
/* End PBXFileReference section */

/* Begin PBXFrameworksBuildPhase section */
		C6B19BD21986C665006161CC /* Frameworks */ = {
			isa = PBXFrameworksBuildPhase;
			buildActionMask = 2147483647;
			files = (
				C6B19BDB1986C665006161CC /* CoreGraphics.framework in Frameworks */,
				C6B19BDD1986C665006161CC /* UIKit.framework in Frameworks */,
				C6B19BD91986C665006161CC /* Foundation.framework in Frameworks */,
			);
			runOnlyForDeploymentPostprocessing = 0;
		};
		C6B19BF61986C665006161CC /* Frameworks */ = {
			isa = PBXFrameworksBuildPhase;
			buildActionMask = 2147483647;
			files = (
				C6B19BFB1986C665006161CC /* XCTest.framework in Frameworks */,
				C6B19BFD1986C665006161CC /* UIKit.framework in Frameworks */,
				C6B19BFC1986C665006161CC /* Foundation.framework in Frameworks */,
			);
			runOnlyForDeploymentPostprocessing = 0;
		};
/* End PBXFrameworksBuildPhase section */

/* Begin PBXGroup section */
		C6597D391986D2A800AB912A /* ViewControllers */ = {
			isa = PBXGroup;
			children = (
				C6B19BED1986C665006161CC /* LTRMasterViewController.h */,
				C6B19BEE1986C665006161CC /* LTRMasterViewController.m */,
				C6B19BF01986C665006161CC /* LTRDetailViewController.h */,
				C6B19BF11986C665006161CC /* LTRDetailViewController.m */,
			);
			name = ViewControllers;
			sourceTree = "<group>";
		};
		C6597D3A1986D33600AB912A /* Resources */ = {
			isa = PBXGroup;
			children = (
				C6B19BEA1986C665006161CC /* Main.storyboard */,
				C6B19BF31986C665006161CC /* Images.xcassets */,
			);
			name = Resources;
			sourceTree = "<group>";
		};
		C6B19BCC1986C665006161CC = {
			isa = PBXGroup;
			children = (
				C6B19BDE1986C665006161CC /* Aula28072014_ControllingSource */,
				C6B19C001986C665006161CC /* Aula28072014_ControllingSourceTests */,
				C6B19BD71986C665006161CC /* Frameworks */,
				C6B19BD61986C665006161CC /* Products */,
			);
			sourceTree = "<group>";
		};
		C6B19BD61986C665006161CC /* Products */ = {
			isa = PBXGroup;
			children = (
				C6B19BD51986C665006161CC /* Aula28072014_ControllingSource.app */,
				C6B19BF91986C665006161CC /* Aula28072014_ControllingSourceTests.xctest */,
			);
			name = Products;
			sourceTree = "<group>";
		};
		C6B19BD71986C665006161CC /* Frameworks */ = {
			isa = PBXGroup;
			children = (
				C6B19BD81986C665006161CC /* Foundation.framework */,
				C6B19BDA1986C665006161CC /* CoreGraphics.framework */,
				C6B19BDC1986C665006161CC /* UIKit.framework */,
				C6B19BFA1986C665006161CC /* XCTest.framework */,
			);
			name = Frameworks;
			sourceTree = "<group>";
		};
		C6B19BDE1986C665006161CC /* Aula28072014_ControllingSource */ = {
			isa = PBXGroup;
			children = (
				C6B19BE71986C665006161CC /* LTRAppDelegate.h */,
				C6B19BE81986C665006161CC /* LTRAppDelegate.m */,
				C6597D3A1986D33600AB912A /* Resources */,
				C6597D391986D2A800AB912A /* ViewControllers */,
				C6B19BDF1986C665006161CC /* Supporting Files */,
			);
			path = Aula28072014_ControllingSource;
			sourceTree = "<group>";
		};
		C6B19BDF1986C665006161CC /* Supporting Files */ = {
			isa = PBXGroup;
			children = (
				C6B19BE01986C665006161CC /* Aula28072014_ControllingSource-Info.plist */,
				C6B19BE11986C665006161CC /* InfoPlist.strings */,
				C6B19BE41986C665006161CC /* main.m */,
				C6B19BE61986C665006161CC /* Aula28072014_ControllingSource-Prefix.pch */,
			);
			name = "Supporting Files";
			sourceTree = "<group>";
		};
		C6B19C001986C665006161CC /* Aula28072014_ControllingSourceTests */ = {
			isa = PBXGroup;
			children = (
				C6B19C061986C665006161CC /* Aula28072014_ControllingSourceTests.m */,
				C6B19C011986C665006161CC /* Supporting Files */,
			);
			path = Aula28072014_ControllingSourceTests;
			sourceTree = "<group>";
		};
		C6B19C011986C665006161CC /* Supporting Files */ = {
			isa = PBXGroup;
			children = (
				C6B19C021986C665006161CC /* Aula28072014_ControllingSourceTests-Info.plist */,
				C6B19C031986C665006161CC /* InfoPlist.strings */,
			);
			name = "Supporting Files";
			sourceTree = "<group>";
		};
/* End PBXGroup section */

/* Begin PBXNativeTarget section */
		C6B19BD41986C665006161CC /* Aula28072014_ControllingSource */ = {
			isa = PBXNativeTarget;
			buildConfigurationList = C6B19C0A1986C665006161CC /* Build configuration list for PBXNativeTarget "Aula28072014_ControllingSource" */;
			buildPhases = (
				C6B19BD11986C665006161CC /* Sources */,
				C6B19BD21986C665006161CC /* Frameworks */,
				C6B19BD31986C665006161CC /* Resources */,
			);
			buildRules = (
			);
			dependencies = (
			);
			name = Aula28072014_ControllingSource;
			productName = Aula28072014_ControllingSource;
			productReference = C6B19BD51986C665006161CC /* Aula28072014_ControllingSource.app */;
			productType = "com.apple.product-type.application";
		};
		C6B19BF81986C665006161CC /* Aula28072014_ControllingSourceTests */ = {
			isa = PBXNativeTarget;
			buildConfigurationList = C6B19C0D1986C665006161CC /* Build configuration list for PBXNativeTarget "Aula28072014_ControllingSourceTests" */;
			buildPhases = (
				C6B19BF51986C665006161CC /* Sources */,
				C6B19BF61986C665006161CC /* Frameworks */,
				C6B19BF71986C665006161CC /* Resources */,
			);
			buildRules = (
			);
			dependencies = (
				C6B19BFF1986C665006161CC /* PBXTargetDependency */,
			);
			name = Aula28072014_ControllingSourceTests;
			productName = Aula28072014_ControllingSourceTests;
			productReference = C6B19BF91986C665006161CC /* Aula28072014_ControllingSourceTests.xctest */;
			productType = "com.apple.product-type.bundle.unit-test";
		};
/* End PBXNativeTarget section */

/* Begin PBXProject section */
		C6B19BCD1986C665006161CC /* Project object */ = {
			isa = PBXProject;
			attributes = {
				CLASSPREFIX = LTR;
				LastUpgradeCheck = 0510;
				ORGANIZATIONNAME = "Luciano Rocha";
				TargetAttributes = {
					C6B19BF81986C665006161CC = {
						TestTargetID = C6B19BD41986C665006161CC;
					};
				};
			};
			buildConfigurationList = C6B19BD01986C665006161CC /* Build configuration list for PBXProject "Aula28072014_ControllingSource" */;
			compatibilityVersion = "Xcode 3.2";
			developmentRegion = English;
			hasScannedForEncodings = 0;
			knownRegions = (
				en,
				Base,
			);
			mainGroup = C6B19BCC1986C665006161CC;
			productRefGroup = C6B19BD61986C665006161CC /* Products */;
			projectDirPath = "";
			projectRoot = "";
			targets = (
				C6B19BD41986C665006161CC /* Aula28072014_ControllingSource */,
				C6B19BF81986C665006161CC /* Aula28072014_ControllingSourceTests */,
			);
		};
/* End PBXProject section */

/* Begin PBXResourcesBuildPhase section */
		C6B19BD31986C665006161CC /* Resources */ = {
			isa = PBXResourcesBuildPhase;
			buildActionMask = 2147483647;
			files = (
				C6B19BF41986C665006161CC /* Images.xcassets in Resources */,
				C6B19BE31986C665006161CC /* InfoPlist.strings in Resources */,
				C6B19BEC1986C665006161CC /* Main.storyboard in Resources */,
			);
			runOnlyForDeploymentPostprocessing = 0;
		};
		C6B19BF71986C665006161CC /* Resources */ = {
			isa = PBXResourcesBuildPhase;
			buildActionMask = 2147483647;
			files = (
				C6B19C051986C665006161CC /* InfoPlist.strings in Resources */,
			);
			runOnlyForDeploymentPostprocessing = 0;
		};
/* End PBXResourcesBuildPhase section */

/* Begin PBXSourcesBuildPhase section */
		C6B19BD11986C665006161CC /* Sources */ = {
			isa = PBXSourcesBuildPhase;
			buildActionMask = 2147483647;
			files = (
				C6B19BF21986C665006161CC /* LTRDetailViewController.m in Sources */,
				C6B19BEF1986C665006161CC /* LTRMasterViewController.m in Sources */,
				C6B19BE51986C665006161CC /* main.m in Sources */,
				C6B19BE91986C665006161CC /* LTRAppDelegate.m in Sources */,
			);
			runOnlyForDeploymentPostprocessing = 0;
		};
		C6B19BF51986C665006161CC /* Sources */ = {
			isa = PBXSourcesBuildPhase;
			buildActionMask = 2147483647;
			files = (
				C6B19C071986C665006161CC /* Aula28072014_ControllingSourceTests.m in Sources */,
			);
			runOnlyForDeploymentPostprocessing = 0;
		};
/* End PBXSourcesBuildPhase section */

/* Begin PBXTargetDependency section */
		C6B19BFF1986C665006161CC /* PBXTargetDependency */ = {
			isa = PBXTargetDependency;
			target = C6B19BD41986C665006161CC /* Aula28072014_ControllingSource */;
			targetProxy = C6B19BFE1986C665006161CC /* PBXContainerItemProxy */;
		};
/* End PBXTargetDependency section */

/* Begin PBXVariantGroup section */
		C6B19BE11986C665006161CC /* InfoPlist.strings */ = {
			isa = PBXVariantGroup;
			children = (
				C6B19BE21986C665006161CC /* en */,
			);
			name = InfoPlist.strings;
			sourceTree = "<group>";
		};
		C6B19BEA1986C665006161CC /* Main.storyboard */ = {
			isa = PBXVariantGroup;
			children = (
				C6B19BEB1986C665006161CC /* Base */,
			);
			name = Main.storyboard;
			sourceTree = "<group>";
		};
		C6B19C031986C665006161CC /* InfoPlist.strings */ = {
			isa = PBXVariantGroup;
			children = (
				C6B19C041986C665006161CC /* en */,
			);
			name = InfoPlist.strings;
			sourceTree = "<group>";
		};
/* End PBXVariantGroup section */

/* Begin XCBuildConfiguration section */
		C6B19C081986C665006161CC /* Debug */ = {
			isa = XCBuildConfiguration;
			buildSettings = {
				ALWAYS_SEARCH_USER_PATHS = NO;
				CLANG_CXX_LANGUAGE_STANDARD = "gnu++0x";
				CLANG_CXX_LIBRARY = "libc++";
				CLANG_ENABLE_MODULES = YES;
				CLANG_ENABLE_OBJC_ARC = YES;
				CLANG_WARN_BOOL_CONVERSION = YES;
				CLANG_WARN_CONSTANT_CONVERSION = YES;
				CLANG_WARN_DIRECT_OBJC_ISA_USAGE = YES_ERROR;
				CLANG_WARN_EMPTY_BODY = YES;
				CLANG_WARN_ENUM_CONVERSION = YES;
				CLANG_WARN_INT_CONVERSION = YES;
				CLANG_WARN_OBJC_ROOT_CLASS = YES_ERROR;
				CLANG_WARN__DUPLICATE_METHOD_MATCH = YES;
				"CODE_SIGN_IDENTITY[sdk=iphoneos*]" = "iPhone Developer";
				COPY_PHASE_STRIP = NO;
				GCC_C_LANGUAGE_STANDARD = gnu99;
				GCC_DYNAMIC_NO_PIC = NO;
				GCC_OPTIMIZATION_LEVEL = 0;
				GCC_PREPROCESSOR_DEFINITIONS = (
					"DEBUG=1",
					"$(inherited)",
				);
				GCC_SYMBOLS_PRIVATE_EXTERN = NO;
				GCC_WARN_64_TO_32_BIT_CONVERSION = YES;
				GCC_WARN_ABOUT_RETURN_TYPE = YES_ERROR;
				GCC_WARN_UNDECLARED_SELECTOR = YES;
				GCC_WARN_UNINITIALIZED_AUTOS = YES_AGGRESSIVE;
				GCC_WARN_UNUSED_FUNCTION = YES;
				GCC_WARN_UNUSED_VARIABLE = YES;
				IPHONEOS_DEPLOYMENT_TARGET = 7.1;
				ONLY_ACTIVE_ARCH = YES;
				SDKROOT = iphoneos;
			};
			name = Debug;
		};
		C6B19C091986C665006161CC /* Release */ = {
			isa = XCBuildConfiguration;
			buildSettings = {
				ALWAYS_SEARCH_USER_PATHS = NO;
				CLANG_CXX_LANGUAGE_STANDARD = "gnu++0x";
				CLANG_CXX_LIBRARY = "libc++";
				CLANG_ENABLE_MODULES = YES;
				CLANG_ENABLE_OBJC_ARC = YES;
				CLANG_WARN_BOOL_CONVERSION = YES;
				CLANG_WARN_CONSTANT_CONVERSION = YES;
				CLANG_WARN_DIRECT_OBJC_ISA_USAGE = YES_ERROR;
				CLANG_WARN_EMPTY_BODY = YES;
				CLANG_WARN_ENUM_CONVERSION = YES;
				CLANG_WARN_INT_CONVERSION = YES;
				CLANG_WARN_OBJC_ROOT_CLASS = YES_ERROR;
				CLANG_WARN__DUPLICATE_METHOD_MATCH = YES;
				"CODE_SIGN_IDENTITY[sdk=iphoneos*]" = "iPhone Developer";
				COPY_PHASE_STRIP = YES;
				ENABLE_NS_ASSERTIONS = NO;
				GCC_C_LANGUAGE_STANDARD = gnu99;
				GCC_WARN_64_TO_32_BIT_CONVERSION = YES;
				GCC_WARN_ABOUT_RETURN_TYPE = YES_ERROR;
				GCC_WARN_UNDECLARED_SELECTOR = YES;
				GCC_WARN_UNINITIALIZED_AUTOS = YES_AGGRESSIVE;
				GCC_WARN_UNUSED_FUNCTION = YES;
				GCC_WARN_UNUSED_VARIABLE = YES;
				IPHONEOS_DEPLOYMENT_TARGET = 7.1;
				SDKROOT = iphoneos;
				VALIDATE_PRODUCT = YES;
			};
			name = Release;
		};
		C6B19C0B1986C665006161CC /* Debug */ = {
			isa = XCBuildConfiguration;
			buildSettings = {
				ASSETCATALOG_COMPILER_APPICON_NAME = AppIcon;
				ASSETCATALOG_COMPILER_LAUNCHIMAGE_NAME = LaunchImage;
				GCC_PRECOMPILE_PREFIX_HEADER = YES;
				GCC_PREFIX_HEADER = "Aula28072014_ControllingSource/Aula28072014_ControllingSource-Prefix.pch";
				INFOPLIST_FILE = "Aula28072014_ControllingSource/Aula28072014_ControllingSource-Info.plist";
				PRODUCT_NAME = "$(TARGET_NAME)";
				WRAPPER_EXTENSION = app;
			};
			name = Debug;
		};
		C6B19C0C1986C665006161CC /* Release */ = {
			isa = XCBuildConfiguration;
			buildSettings = {
				ASSETCATALOG_COMPILER_APPICON_NAME = AppIcon;
				ASSETCATALOG_COMPILER_LAUNCHIMAGE_NAME = LaunchImage;
				GCC_PRECOMPILE_PREFIX_HEADER = YES;
				GCC_PREFIX_HEADER = "Aula28072014_ControllingSource/Aula28072014_ControllingSource-Prefix.pch";
				INFOPLIST_FILE = "Aula28072014_ControllingSource/Aula28072014_ControllingSource-Info.plist";
				PRODUCT_NAME = "$(TARGET_NAME)";
				WRAPPER_EXTENSION = app;
			};
			name = Release;
		};
		C6B19C0E1986C665006161CC /* Debug */ = {
			isa = XCBuildConfiguration;
			buildSettings = {
				BUNDLE_LOADER = "$(BUILT_PRODUCTS_DIR)/Aula28072014_ControllingSource.app/Aula28072014_ControllingSource";
				FRAMEWORK_SEARCH_PATHS = (
					"$(SDKROOT)/Developer/Library/Frameworks",
					"$(inherited)",
					"$(DEVELOPER_FRAMEWORKS_DIR)",
				);
				GCC_PRECOMPILE_PREFIX_HEADER = YES;
				GCC_PREFIX_HEADER = "Aula28072014_ControllingSource/Aula28072014_ControllingSource-Prefix.pch";
				GCC_PREPROCESSOR_DEFINITIONS = (
					"DEBUG=1",
					"$(inherited)",
				);
				INFOPLIST_FILE = "Aula28072014_ControllingSourceTests/Aula28072014_ControllingSourceTests-Info.plist";
				PRODUCT_NAME = "$(TARGET_NAME)";
				TEST_HOST = "$(BUNDLE_LOADER)";
				WRAPPER_EXTENSION = xctest;
			};
			name = Debug;
		};
		C6B19C0F1986C665006161CC /* Release */ = {
			isa = XCBuildConfiguration;
			buildSettings = {
				BUNDLE_LOADER = "$(BUILT_PRODUCTS_DIR)/Aula28072014_ControllingSource.app/Aula28072014_ControllingSource";
				FRAMEWORK_SEARCH_PATHS = (
					"$(SDKROOT)/Developer/Library/Frameworks",
					"$(inherited)",
					"$(DEVELOPER_FRAMEWORKS_DIR)",
				);
				GCC_PRECOMPILE_PREFIX_HEADER = YES;
				GCC_PREFIX_HEADER = "Aula28072014_ControllingSource/Aula28072014_ControllingSource-Prefix.pch";
				INFOPLIST_FILE = "Aula28072014_ControllingSourceTests/Aula28072014_ControllingSourceTests-Info.plist";
				PRODUCT_NAME = "$(TARGET_NAME)";
				TEST_HOST = "$(BUNDLE_LOADER)";
				WRAPPER_EXTENSION = xctest;
			};
			name = Release;
		};
/* End XCBuildConfiguration section */

/* Begin XCConfigurationList section */
		C6B19BD01986C665006161CC /* Build configuration list for PBXProject "Aula28072014_ControllingSource" */ = {
			isa = XCConfigurationList;
			buildConfigurations = (
				C6B19C081986C665006161CC /* Debug */,
				C6B19C091986C665006161CC /* Release */,
			);
			defaultConfigurationIsVisible = 0;
			defaultConfigurationName = Release;
		};
		C6B19C0A1986C665006161CC /* Build configuration list for PBXNativeTarget "Aula28072014_ControllingSource" */ = {
			isa = XCConfigurationList;
			buildConfigurations = (
				C6B19C0B1986C665006161CC /* Debug */,
				C6B19C0C1986C665006161CC /* Release */,
			);
			defaultConfigurationIsVisible = 0;
			defaultConfigurationName = Release;
		};
		C6B19C0D1986C665006161CC /* Build configuration list for PBXNativeTarget "Aula28072014_ControllingSourceTests" */ = {
			isa = XCConfigurationList;
			buildConfigurations = (
				C6B19C0E1986C665006161CC /* Debug */,
				C6B19C0F1986C665006161CC /* Release */,
			);
			defaultConfigurationIsVisible = 0;
			defaultConfigurationName = Release;
		};
/* End XCConfigurationList section */
	};
	rootObject = C6B19BCD1986C665006161CC /* Project object */;
}
